// !$*UTF8*$!
{
	archiveVersion = 1;
	classes = {
	};
	objectVersion = 46;
	objects = {

/* Begin PBXBuildFile section */
		2F9AC8681E5C203A001C4EDE /* AppDelegate.swift in Sources */ = {isa = PBXBuildFile; fileRef = 2F9AC8671E5C203A001C4EDE /* AppDelegate.swift */; };
		2F9AC86A1E5C203A001C4EDE /* ViewController.swift in Sources */ = {isa = PBXBuildFile; fileRef = 2F9AC8691E5C203A001C4EDE /* ViewController.swift */; };
		2F9AC86D1E5C203A001C4EDE /* Main.storyboard in Resources */ = {isa = PBXBuildFile; fileRef = 2F9AC86B1E5C203A001C4EDE /* Main.storyboard */; };
		2F9AC8701E5C203A001C4EDE /* Calculator.xcdatamodeld in Sources */ = {isa = PBXBuildFile; fileRef = 2F9AC86E1E5C203A001C4EDE /* Calculator.xcdatamodeld */; };
		2F9AC8721E5C203A001C4EDE /* Assets.xcassets in Resources */ = {isa = PBXBuildFile; fileRef = 2F9AC8711E5C203A001C4EDE /* Assets.xcassets */; };
		2F9AC8751E5C203A001C4EDE /* LaunchScreen.storyboard in Resources */ = {isa = PBXBuildFile; fileRef = 2F9AC8731E5C203A001C4EDE /* LaunchScreen.storyboard */; };
/* End PBXBuildFile section */

/* Begin PBXFileReference section */
		2F9AC8641E5C203A001C4EDE /* Calculator.app */ = {isa = PBXFileReference; explicitFileType = wrapper.application; includeInIndex = 0; path = Calculator.app; sourceTree = BUILT_PRODUCTS_DIR; };
		2F9AC8671E5C203A001C4EDE /* AppDelegate.swift */ = {isa = PBXFileReference; lastKnownFileType = sourcecode.swift; path = AppDelegate.swift; sourceTree = "<group>"; };
		2F9AC8691E5C203A001C4EDE /* ViewController.swift */ = {isa = PBXFileReference; lastKnownFileType = sourcecode.swift; path = ViewController.swift; sourceTree = "<group>"; };
		2F9AC86C1E5C203A001C4EDE /* Base */ = {isa = PBXFileReference; lastKnownFileType = file.storyboard; name = Base; path = Base.lproj/Main.storyboard; sourceTree = "<group>"; };
		2F9AC86F1E5C203A001C4EDE /* Calculator.xcdatamodel */ = {isa = PBXFileReference; lastKnownFileType = wrapper.xcdatamodel; path = Calculator.xcdatamodel; sourceTree = "<group>"; };
		2F9AC8711E5C203A001C4EDE /* Assets.xcassets */ = {isa = PBXFileReference; lastKnownFileType = folder.assetcatalog; path = Assets.xcassets; sourceTree = "<group>"; };
		2F9AC8741E5C203A001C4EDE /* Base */ = {isa = PBXFileReference; lastKnownFileType = file.storyboard; name = Base; path = Base.lproj/LaunchScreen.storyboard; sourceTree = "<group>"; };
		2F9AC8761E5C203A001C4EDE /* Info.plist */ = {isa = PBXFileReference; lastKnownFileType = text.plist.xml; path = Info.plist; sourceTree = "<group>"; };
/* End PBXFileReference section */

/* Begin PBXFrameworksBuildPhase section */
		2F9AC8611E5C203A001C4EDE /* Frameworks */ = {
			isa = PBXFrameworksBuildPhase;
			buildActionMask = 2147483647;
			files = (
			);
			runOnlyForDeploymentPostprocessing = 0;
		};
/* End PBXFrameworksBuildPhase section */

/* Begin PBXGroup section */
		2F9AC85B1E5C203A001C4EDE = {
			isa = PBXGroup;
			children = (
				2F9AC8661E5C203A001C4EDE /* Calculator */,
				2F9AC8651E5C203A001C4EDE /* Products */,
			);
			sourceTree = "<group>";
		};
		2F9AC8651E5C203A001C4EDE /* Products */ = {
			isa = PBXGroup;
			children = (
				2F9AC8641E5C203A001C4EDE /* Calculator.app */,
			);
			name = Products;
			sourceTree = "<group>";
		};
		2F9AC8661E5C203A001C4EDE /* Calculator */ = {
			isa = PBXGroup;
			children = (
				2F9AC8671E5C203A001C4EDE /* AppDelegate.swift */,
				2F9AC8691E5C203A001C4EDE /* ViewController.swift */,
				2F9AC86B1E5C203A001C4EDE /* Main.storyboard */,
				2F9AC8711E5C203A001C4EDE /* Assets.xcassets */,
				2F9AC8731E5C203A001C4EDE /* LaunchScreen.storyboard */,
				2F9AC8761E5C203A001C4EDE /* Info.plist */,
				2F9AC86E1E5C203A001C4EDE /* Calculator.xcdatamodeld */,
			);
			path = Calculator;
			sourceTree = "<group>";
		};
/* End PBXGroup section */

/* Begin PBXNativeTarget section */
		2F9AC8631E5C203A001C4EDE /* Calculator */ = {
			isa = PBXNativeTarget;
			buildConfigurationList = 2F9AC8791E5C203A001C4EDE /* Build configuration list for PBXNativeTarget "Calculator" */;
			buildPhases = (
				2F9AC8601E5C203A001C4EDE /* Sources */,
				2F9AC8611E5C203A001C4EDE /* Frameworks */,
				2F9AC8621E5C203A001C4EDE /* Resources */,
			);
			buildRules = (
			);
			dependencies = (
			);
			name = Calculator;
			productName = Calculator;
			productReference = 2F9AC8641E5C203A001C4EDE /* Calculator.app */;
			productType = "com.apple.product-type.application";
		};
/* End PBXNativeTarget section */

/* Begin PBXProject section */
		2F9AC85C1E5C203A001C4EDE /* Project object */ = {
			isa = PBXProject;
			attributes = {
				LastSwiftUpdateCheck = 0820;
				LastUpgradeCheck = 0820;
				ORGANIZATIONNAME = Tazeen;
				TargetAttributes = {
					2F9AC8631E5C203A001C4EDE = {
						CreatedOnToolsVersion = 8.2.1;
						ProvisioningStyle = Automatic;
					};
				};
			};
			buildConfigurationList = 2F9AC85F1E5C203A001C4EDE /* Build configuration list for PBXProject "Calculator" */;
			compatibilityVersion = "Xcode 3.2";
			developmentRegion = English;
			hasScannedForEncodings = 0;
			knownRegions = (
				en,
				Base,
			);
			mainGroup = 2F9AC85B1E5C203A001C4EDE;
			productRefGroup = 2F9AC8651E5C203A001C4EDE /* Products */;
			projectDirPath = "";
			projectRoot = "";
			targets = (
				2F9AC8631E5C203A001C4EDE /* Calculator */,
			);
		};
/* End PBXProject section */

/* Begin PBXResourcesBuildPhase section */
		2F9AC8621E5C203A001C4EDE /* Resources */ = {
			isa = PBXResourcesBuildPhase;
			buildActionMask = 2147483647;
			files = (
				2F9AC8751E5C203A001C4EDE /* LaunchScreen.storyboard in Resources */,
				2F9AC8721E5C203A001C4EDE /* Assets.xcassets in Resources */,
				2F9AC86D1E5C203A001C4EDE /* Main.storyboard in Resources */,
			);
			runOnlyForDeploymentPostprocessing = 0;
		};
/* End PBXResourcesBuildPhase section */

/* Begin PBXSourcesBuildPhase section */
		2F9AC8601E5C203A001C4EDE /* Sources */ = {
			isa = PBXSourcesBuildPhase;
			buildActionMask = 2147483647;
			files = (
				2F9AC86A1E5C203A001C4EDE /* ViewController.swift in Sources */,
				2F9AC8681E5C203A001C4EDE /* AppDelegate.swift in Sources */,
				2F9AC8701E5C203A001C4EDE /* Calculator.xcdatamodeld in Sources */,
			);
			runOnlyForDeploymentPostprocessing = 0;
		};
/* End PBXSourcesBuildPhase section */

/* Begin PBXVariantGroup section */
		2F9AC86B1E5C203A001C4EDE /* Main.storyboard */ = {
			isa = PBXVariantGroup;
			children = (
				2F9AC86C1E5C203A001C4EDE /* Base */,
			);
			name = Main.storyboard;
			sourceTree = "<group>";
		};
		2F9AC8731E5C203A001C4EDE /* LaunchScreen.storyboard */ = {
			isa = PBXVariantGroup;
			children = (
				2F9AC8741E5C203A001C4EDE /* Base */,
			);
			name = LaunchScreen.storyboard;
			sourceTree = "<group>";
		};
/* End PBXVariantGroup section */

/* Begin XCBuildConfiguration section */
		2F9AC8771E5C203A001C4EDE /* Debug */ = {
			isa = XCBuildConfiguration;
			buildSettings = {
				ALWAYS_SEARCH_USER_PATHS = NO;
				CLANG_ANALYZER_NONNULL = YES;
				CLANG_CXX_LANGUAGE_STANDARD = "gnu++0x";
				CLANG_CXX_LIBRARY = "libc++";
				CLANG_ENABLE_MODULES = YES;
				CLANG_ENABLE_OBJC_ARC = YES;
				CLANG_WARN_BOOL_CONVERSION = YES;
				CLANG_WARN_CONSTANT_CONVERSION = YES;
				CLANG_WARN_DIRECT_OBJC_ISA_USAGE = YES_ERROR;
				CLANG_WARN_DOCUMENTATION_COMMENTS = YES;
				CLANG_WARN_EMPTY_BODY = YES;
				CLANG_WARN_ENUM_CONVERSION = YES;
				CLANG_WARN_INFINITE_RECURSION = YES;
				CLANG_WARN_INT_CONVERSION = YES;
				CLANG_WARN_OBJC_ROOT_CLASS = YES_ERROR;
				CLANG_WARN_SUSPICIOUS_MOVE = YES;
				CLANG_WARN_UNREACHABLE_CODE = YES;
				CLANG_WARN__DUPLICATE_METHOD_MATCH = YES;
				"CODE_SIGN_IDENTITY[sdk=iphoneos*]" = "iPhone Developer";
				COPY_PHASE_STRIP = NO;
				DEBUG_INFORMATION_FORMAT = dwarf;
				ENABLE_STRICT_OBJC_MSGSEND = YES;
				ENABLE_TESTABILITY = YES;
				GCC_C_LANGUAGE_STANDARD = gnu99;
				GCC_DYNAMIC_NO_PIC = NO;
				GCC_NO_COMMON_BLOCKS = YES;
				GCC_OPTIMIZATION_LEVEL = 0;
				GCC_PREPROCESSOR_DEFINITIONS = (
					"DEBUG=1",
					"$(inherited)",
				);
				GCC_WARN_64_TO_32_BIT_CONVERSION = YES;
				GCC_WARN_ABOUT_RETURN_TYPE = YES_ERROR;
				GCC_WARN_UNDECLARED_SELECTOR = YES;
				GCC_WARN_UNINITIALIZED_AUTOS = YES_AGGRESSIVE;
				GCC_WARN_UNUSED_FUNCTION = YES;
				GCC_WARN_UNUSED_VARIABLE = YES;
				IPHONEOS_DEPLOYMENT_TARGET = 10.2;
				MTL_ENABLE_DEBUG_INFO = YES;
				ONLY_ACTIVE_ARCH = YES;
				SDKROOT = iphoneos;
				SWIFT_ACTIVE_COMPILATION_CONDITIONS = DEBUG;
				SWIFT_OPTIMIZATION_LEVEL = "-Onone";
				TARGETED_DEVICE_FAMILY = "1,2";
			};
			name = Debug;
		};
		2F9AC8781E5C203A001C4EDE /* Release */ = {
			isa = XCBuildConfiguration;
			buildSettings = {
				ALWAYS_SEARCH_USER_PATHS = NO;
				CLANG_ANALYZER_NONNULL = YES;
				CLANG_CXX_LANGUAGE_STANDARD = "gnu++0x";
				CLANG_CXX_LIBRARY = "libc++";
				CLANG_ENABLE_MODULES = YES;
				CLANG_ENABLE_OBJC_ARC = YES;
				CLANG_WARN_BOOL_CONVERSION = YES;
				CLANG_WARN_CONSTANT_CONVERSION = YES;
				CLANG_WARN_DIRECT_OBJC_ISA_USAGE = YES_ERROR;
				CLANG_WARN_DOCUMENTATION_COMMENTS = YES;
				CLANG_WARN_EMPTY_BODY = YES;
				CLANG_WARN_ENUM_CONVERSION = YES;
				CLANG_WARN_INFINITE_RECURSION = YES;
				CLANG_WARN_INT_CONVERSION = YES;
				CLANG_WARN_OBJC_ROOT_CLASS = YES_ERROR;
				CLANG_WARN_SUSPICIOUS_MOVE = YES;
				CLANG_WARN_UNREACHABLE_CODE = YES;
				CLANG_WARN__DUPLICATE_METHOD_MATCH = YES;
				"CODE_SIGN_IDENTITY[sdk=iphoneos*]" = "iPhone Developer";
				COPY_PHASE_STRIP = NO;
				DEBUG_INFORMATION_FORMAT = "dwarf-with-dsym";
				ENABLE_NS_ASSERTIONS = NO;
				ENABLE_STRICT_OBJC_MSGSEND = YES;
				GCC_C_LANGUAGE_STANDARD = gnu99;
				GCC_NO_COMMON_BLOCKS = YES;
				GCC_WARN_64_TO_32_BIT_CONVERSION = YES;
				GCC_WARN_ABOUT_RETURN_TYPE = YES_ERROR;
				GCC_WARN_UNDECLARED_SELECTOR = YES;
				GCC_WARN_UNINITIALIZED_AUTOS = YES_AGGRESSIVE;
				GCC_WARN_UNUSED_FUNCTION = YES;
				GCC_WARN_UNUSED_VARIABLE = YES;
				IPHONEOS_DEPLOYMENT_TARGET = 10.2;
				MTL_ENABLE_DEBUG_INFO = NO;
				SDKROOT = iphoneos;
				SWIFT_OPTIMIZATION_LEVEL = "-Owholemodule";
				TARGETED_DEVICE_FAMILY = "1,2";
				VALIDATE_PRODUCT = YES;
			};
			name = Release;
		};
		2F9AC87A1E5C203A001C4EDE /* Debug */ = {
			isa = XCBuildConfiguration;
			buildSettings = {
				ASSETCATALOG_COMPILER_APPICON_NAME = AppIcon;
				INFOPLIST_FILE = Calculator/Info.plist;
				LD_RUNPATH_SEARCH_PATHS = "$(inherited) @executable_path/Frameworks";
				PRODUCT_BUNDLE_IDENTIFIER = taz.Calculator;
				PRODUCT_NAME = "$(TARGET_NAME)";
				SWIFT_VERSION = 3.0;
			};
			name = Debug;
		};
		2F9AC87B1E5C203A001C4EDE /* Release */ = {
			isa = XCBuildConfiguration;
			buildSettings = {
				ASSETCATALOG_COMPILER_APPICON_NAME = AppIcon;
				INFOPLIST_FILE = Calculator/Info.plist;
				LD_RUNPATH_SEARCH_PATHS = "$(inherited) @executable_path/Frameworks";
				PRODUCT_BUNDLE_IDENTIFIER = taz.Calculator;
				PRODUCT_NAME = "$(TARGET_NAME)";
				SWIFT_VERSION = 3.0;
			};
			name = Release;
		};
/* End XCBuildConfiguration section */

/* Begin XCConfigurationList section */
		2F9AC85F1E5C203A001C4EDE /* Build configuration list for PBXProject "Calculator" */ = {
			isa = XCConfigurationList;
			buildConfigurations = (
				2F9AC8771E5C203A001C4EDE /* Debug */,
				2F9AC8781E5C203A001C4EDE /* Release */,
			);
			defaultConfigurationIsVisible = 0;
			defaultConfigurationName = Release;
		};
		2F9AC8791E5C203A001C4EDE /* Build configuration list for PBXNativeTarget "Calculator" */ = {
			isa = XCConfigurationList;
			buildConfigurations = (
				2F9AC87A1E5C203A001C4EDE /* Debug */,
				2F9AC87B1E5C203A001C4EDE /* Release */,
			);
			defaultConfigurationIsVisible = 0;
		};
/* End XCConfigurationList section */

/* Begin XCVersionGroup section */
		2F9AC86E1E5C203A001C4EDE /* Calculator.xcdatamodeld */ = {
			isa = XCVersionGroup;
			children = (
				2F9AC86F1E5C203A001C4EDE /* Calculator.xcdatamodel */,
			);
			currentVersion = 2F9AC86F1E5C203A001C4EDE /* Calculator.xcdatamodel */;
			path = Calculator.xcdatamodeld;
			sourceTree = "<group>";
			versionGroupType = wrapper.xcdatamodel;
		};
/* End XCVersionGroup section */
	};
	rootObject = 2F9AC85C1E5C203A001C4EDE /* Project object */;
}
